
Microsoft Visual Studio Solution File, Format Version 12.00
# Visual Studio Version 17
VisualStudioVersion = 17.8.34330.188
MinimumVisualStudioVersion = 10.0.40219.1
Project("{FAE04EC0-301F-11D3-BF4B-00C04F79EFBC}") = "SocıalMedıa", "SocıalMedıa\SocıalMedıa.csproj", "{D24B6B9F-F489-4F37-8E1A-9D44A035B4D0}"
EndProject
Global
	GlobalSection(SolutionConfigurationPlatforms) = preSolution
		Debug|Any CPU = Debug|Any CPU
		Release|Any CPU = Release|Any CPU
	EndGlobalSection
	GlobalSection(ProjectConfigurationPlatforms) = postSolution
		{D24B6B9F-F489-4F37-8E1A-9D44A035B4D0}.Debug|Any CPU.ActiveCfg = Debug|Any CPU
		{D24B6B9F-F489-4F37-8E1A-9D44A035B4D0}.Debug|Any CPU.Build.0 = Debug|Any CPU
		{D24B6B9F-F489-4F37-8E1A-9D44A035B4D0}.Release|Any CPU.ActiveCfg = Release|Any CPU
		{D24B6B9F-F489-4F37-8E1A-9D44A035B4D0}.Release|Any CPU.Build.0 = Release|Any CPU
	EndGlobalSection
	GlobalSection(SolutionProperties) = preSolution
		HideSolutionNode = FALSE
	EndGlobalSection
	GlobalSection(ExtensibilityGlobals) = postSolution
		SolutionGuid = {3E2801F5-E40A-4587-955A-6B6D5A372290}
	EndGlobalSection
EndGlobal
